{
  "lockfile_version": "1",
  "packages": {
    "awscli2": {
      "resolved": "github:NixOS/nixpkgs/e3cb16bccd9facebae3ba29c6a76a4cc1b73462a?narHash=sha256-jpfPdBjKO232s5NueoNEvvVzpndiUzPLNYcH4%2FOv0gY%3D#awscli2",
      "source": "nixpkg"
    },
    "docker@latest": {
      "last_modified": "2026-05-14T12:36:40Z",
      "resolved": "github:NixOS/nixpkgs/27198194e52129ccd8e845e7d5911911e7fea7d7#docker",
      "source": "devbox-search",
      "version": "29.4.3",
      "systems": {
        "aarch64-darwin": {
          "outputs": [
            {
              "name": "out",
              "path": "/nix/store/wk6b67rzj4bkl2miwjnyjn52yfyfqizy-docker-29.4.3",
              "default": true
            }
          ],
          "store_path": "/nix/store/wk6b67rzj4bkl2miwjnyjn52yfyfqizy-docker-29.4.3"
        },
        "aarch64-linux": {
          "outputs": [
            {
              "name": "out",
              "path": "/nix/store/30rx8gh5g651hr8v8l070ffiav63f155-docker-29.4.3",
              "default": true
            }
          ],
          "store_path": "/nix/store/30rx8gh5g651hr8v8l070ffiav63f155-docker-29.4.3"
        },
        "x86_64-darwin": {
          "outputs": [
            {
              "name": "out",
              "path": "/nix/store/34jad8q1a14m26wmlz4pwr7svf6x5ldz-docker-29.4.3",
              "default": true
            }
          ],
          "store_path": "/nix/store/34jad8q1a14m26wmlz4pwr7svf6x5ldz-docker-29.4.3"
        },
        "x86_64-linux": {
          "outputs": [
            {
              "name": "out",
              "path": "/nix/store/pvhl1xpg8qvdw5cgjwlk3zky14m3vhgb-docker-29.4.3",
              "default": true
            }
          ],
          "store_path": "/nix/store/pvhl1xpg8qvdw5cgjwlk3zky14m3vhgb-docker-29.4.3"
        }
      }
    },
    "github:NixOS/nixpkgs/nixpkgs-unstable": {
      "last_modified": "2026-02-15T09:18:18Z",
      "resolved": "github:NixOS/nixpkgs/e3cb16bccd9facebae3ba29c6a76a4cc1b73462a?lastModified=1771147098&narHash=sha256-jpfPdBjKO232s5NueoNEvvVzpndiUzPLNYcH4%2FOv0gY%3D"
    },
    "jq@latest": {
      "last_modified": "2026-04-16T08:46:55Z",
      "resolved": "github:NixOS/nixpkgs/b86751bc4085f48661017fa226dee99fab6c651b#jq",
      "source": "devbox-search",
      "version": "1.8.1",
      "systems": {
        "aarch64-darwin": {
          "outputs": [
            {
              "name": "bin",
              "path": "/nix/store/bb450vb2gl547zwba8sihcyilsg2rqfa-jq-1.8.1-bin",
              "default": true
            },
            {
              "name": "man",
              "path": "/nix/store/vs96fwfhd5gjycxs5yc58wkrizscww92-jq-1.8.1-man",
              "default": true
            },
            {
              "name": "dev",
              "path": "/nix/store/irxgyhi0rq34f2y721a26ii09nynq2ha-jq-1.8.1-dev"
            },
            {
              "name": "doc",
              "path": "/nix/store/rnkk37licxmcicz44sm368bk2fsrk52j-jq-1.8.1-doc"
            },
            {
              "name": "out",
              "path": "/nix/store/y4gq3lbz2nq75cl3v28ixrqrr90pk4lf-jq-1.8.1"
            }
          ],
          "store_path": "/nix/store/bb450vb2gl547zwba8sihcyilsg2rqfa-jq-1.8.1-bin"
        },
        "aarch64-linux": {
          "outputs": [
            {
              "name": "bin",
              "path": "/nix/store/h68aklwk28xbrg7pqaw078w1hvvvf419-jq-1.8.1-bin",
              "default": true
            },
            {
              "name": "man",
              "path": "/nix/store/l4npc0sgk51lz2d6jqnl4r18hmn6qckr-jq-1.8.1-man",
              "default": true
            },
            {
              "name": "doc",
              "path": "/nix/store/rr0a4brsd47393640zn9zgw844rbkrsl-jq-1.8.1-doc"
            },
            {
              "name": "out",
              "path": "/nix/store/5jf55qkwrnd769ri9wxiy7z9kp5zb4ca-jq-1.8.1"
            },
            {
              "name": "dev",
              "path": "/nix/store/kzsszlf69lndqilpgysw1j9b4hrfwjfx-jq-1.8.1-dev"
            }
          ],
          "store_path": "/nix/store/h68aklwk28xbrg7pqaw078w1hvvvf419-jq-1.8.1-bin"
        },
        "x86_64-darwin": {
          "outputs": [
            {
              "name": "bin",
              "path": "/nix/store/y699jyfkqhj7lm51zdxm1df28izg6zgj-jq-1.8.1-bin",
              "default": true
            },
            {
              "name": "man",
              "path": "/nix/store/0h261wdn6mlrn564adwhyw52a2dfnbg5-jq-1.8.1-man",
              "default": true
            },
            {
              "name": "dev",
              "path": "/nix/store/681w0vijzacwyhcwylkvbppd4kps33fw-jq-1.8.1-dev"
            },
            {
              "name": "doc",
              "path": "/nix/store/2bvvha8apma6crzhsnpjrghnjbjj6hpm-jq-1.8.1-doc"
            },
            {
              "name": "out",
              "path": "/nix/store/44i56yshwqwgw912idz0m9zx30d1xg8z-jq-1.8.1"
            }
          ],
          "store_path": "/nix/store/y699jyfkqhj7lm51zdxm1df28izg6zgj-jq-1.8.1-bin"
        },
        "x86_64-linux": {
          "outputs": [
            {
              "name": "bin",
              "path": "/nix/store/fc13hvlj7541i1xmwdka7f61qicdzr5a-jq-1.8.1-bin",
              "default": true
            },
            {
              "name": "man",
              "path": "/nix/store/crwv17pim6csnfr4jmsd7kf60sp3c5dh-jq-1.8.1-man",
              "default": true
            },
            {
              "name": "dev",
              "path": "/nix/store/plinh1rzkh83n4gfpkxl748zgaydpxll-jq-1.8.1-dev"
            },
            {
              "name": "doc",
              "path": "/nix/store/ihgrvb9w91mwbhxx3fi3gcwwx3qlsdfv-jq-1.8.1-doc"
            },
            {
              "name": "out",
              "path": "/nix/store/s4w1j16dj8wyriv1ljfypr9s1r39yjwp-jq-1.8.1"
            }
          ],
          "store_path": "/nix/store/fc13hvlj7541i1xmwdka7f61qicdzr5a-jq-1.8.1-bin"
        }
      }
    },
    "nodePackages.pnpm": {
      "resolved": "github:NixOS/nixpkgs/e3cb16bccd9facebae3ba29c6a76a4cc1b73462a?narHash=sha256-jpfPdBjKO232s5NueoNEvvVzpndiUzPLNYcH4%2FOv0gY%3D#nodePackages.pnpm",
      "source": "nixpkg"
    },
    "nodejs_22": {
      "plugin_version": "0.0.2",
      "resolved": "github:NixOS/nixpkgs/e3cb16bccd9facebae3ba29c6a76a4cc1b73462a?narHash=sha256-jpfPdBjKO232s5NueoNEvvVzpndiUzPLNYcH4%2FOv0gY%3D#nodejs_22",
      "source": "nixpkg"
    },
    "pulumi-bin": {
      "resolved": "github:NixOS/nixpkgs/e3cb16bccd9facebae3ba29c6a76a4cc1b73462a?narHash=sha256-jpfPdBjKO232s5NueoNEvvVzpndiUzPLNYcH4%2FOv0gY%3D#pulumi-bin",
      "source": "nixpkg"
    }
  }
}
